
Microsoft Visual Studio Solution File, Format Version 12.00
# Visual Studio Version 17
VisualStudioVersion = 17.0.31903.59
MinimumVisualStudioVersion = 10.0.40219.1
Project("{2150E333-8FDC-42A3-9474-1A3956D46DE8}") = "src", "src", "{55F4991E-C729-443C-9444-AFA681286DBE}"
EndProject
Project("{2150E333-8FDC-42A3-9474-1A3956D46DE8}") = "CleanArchitecture", "CleanArchitecture", "{908E17B8-1A72-4A18-8A92-915A9D234DE5}"
EndProject
Project("{FAE04EC0-301F-11D3-BF4B-00C04F79EFBC}") = "CleanArchitecture.Domain", "src\CleanArchitecture\CleanArchitecture.Domain\CleanArchitecture.Domain.csproj", "{8645E2CC-950D-40B5-AF24-F5BE4E8EB879}"
EndProject
Project("{FAE04EC0-301F-11D3-BF4B-00C04F79EFBC}") = "CleanArchitecture.Application", "src\CleanArchitecture\CleanArchitecture.Application\CleanArchitecture.Application.csproj", "{7BE7EC79-DA73-43DA-B98D-229F1ED2AAAC}"
EndProject
Global
	GlobalSection(SolutionConfigurationPlatforms) = preSolution
		Debug|Any CPU = Debug|Any CPU
		Release|Any CPU = Release|Any CPU
	EndGlobalSection
	GlobalSection(SolutionProperties) = preSolution
		HideSolutionNode = FALSE
	EndGlobalSection
	GlobalSection(ProjectConfigurationPlatforms) = postSolution
		{8645E2CC-950D-40B5-AF24-F5BE4E8EB879}.Debug|Any CPU.ActiveCfg = Debug|Any CPU
		{8645E2CC-950D-40B5-AF24-F5BE4E8EB879}.Debug|Any CPU.Build.0 = Debug|Any CPU
		{8645E2CC-950D-40B5-AF24-F5BE4E8EB879}.Release|Any CPU.ActiveCfg = Release|Any CPU
		{8645E2CC-950D-40B5-AF24-F5BE4E8EB879}.Release|Any CPU.Build.0 = Release|Any CPU
		{7BE7EC79-DA73-43DA-B98D-229F1ED2AAAC}.Debug|Any CPU.ActiveCfg = Debug|Any CPU
		{7BE7EC79-DA73-43DA-B98D-229F1ED2AAAC}.Debug|Any CPU.Build.0 = Debug|Any CPU
		{7BE7EC79-DA73-43DA-B98D-229F1ED2AAAC}.Release|Any CPU.ActiveCfg = Release|Any CPU
		{7BE7EC79-DA73-43DA-B98D-229F1ED2AAAC}.Release|Any CPU.Build.0 = Release|Any CPU
	EndGlobalSection
	GlobalSection(NestedProjects) = preSolution
		{908E17B8-1A72-4A18-8A92-915A9D234DE5} = {55F4991E-C729-443C-9444-AFA681286DBE}
		{8645E2CC-950D-40B5-AF24-F5BE4E8EB879} = {908E17B8-1A72-4A18-8A92-915A9D234DE5}
		{7BE7EC79-DA73-43DA-B98D-229F1ED2AAAC} = {908E17B8-1A72-4A18-8A92-915A9D234DE5}
	EndGlobalSection
EndGlobal
